
Microsoft Visual Studio Solution File, Format Version 12.00
# Visual Studio 14
VisualStudioVersion = 14.0.25420.1
MinimumVisualStudioVersion = 10.0.40219.1
Project("{FAE04EC0-301F-11D3-BF4B-00C04F79EFBC}") = "SmartLeopard.Api", "SmartLeopard.Api\SmartLeopard.Api.csproj", "{659A0BB2-39A2-4533-A798-BCB5855DB16A}"
EndProject
Project("{FAE04EC0-301F-11D3-BF4B-00C04F79EFBC}") = "SmartLeopard.Dal", "SmartLeopard.Dal\SmartLeopard.Dal.csproj", "{A3684DEC-7EA0-4046-AF3F-81ACE509BFAA}"
EndProject
Project("{FAE04EC0-301F-11D3-BF4B-00C04F79EFBC}") = "SmartLeopard.Models", "SmartLeopard.Models\SmartLeopard.Models.csproj", "{BDE6F2D1-B4AE-4F3F-9150-84DD72234F46}"
EndProject
Project("{FAE04EC0-301F-11D3-BF4B-00C04F79EFBC}") = "SmartLeopard.Bll", "SmartLeopard.Bll\SmartLeopard.Bll.csproj", "{F5698E26-EDD8-4250-8DD9-2AC218A4F284}"
EndProject
Project("{FAE04EC0-301F-11D3-BF4B-00C04F79EFBC}") = "SmartLeopard.Client", "SmartLeopard.Client\SmartLeopard.Client.csproj", "{CDD43426-B5A0-4A4D-9AD3-F337EF269806}"
EndProject
Project("{FAE04EC0-301F-11D3-BF4B-00C04F79EFBC}") = "SmartLeopard.Client.Test", "SmartLeopard.Client.Test\SmartLeopard.Client.Test.csproj", "{88E46A70-6A31-444E-8207-E7269CE56191}"
EndProject
Global
	GlobalSection(SolutionConfigurationPlatforms) = preSolution
		Debug|Any CPU = Debug|Any CPU
		Release|Any CPU = Release|Any CPU
	EndGlobalSection
	GlobalSection(ProjectConfigurationPlatforms) = postSolution
		{659A0BB2-39A2-4533-A798-BCB5855DB16A}.Debug|Any CPU.ActiveCfg = Debug|Any CPU
		{659A0BB2-39A2-4533-A798-BCB5855DB16A}.Debug|Any CPU.Build.0 = Debug|Any CPU
		{659A0BB2-39A2-4533-A798-BCB5855DB16A}.Release|Any CPU.ActiveCfg = Release|Any CPU
		{659A0BB2-39A2-4533-A798-BCB5855DB16A}.Release|Any CPU.Build.0 = Release|Any CPU
		{A3684DEC-7EA0-4046-AF3F-81ACE509BFAA}.Debug|Any CPU.ActiveCfg = Debug|Any CPU
		{A3684DEC-7EA0-4046-AF3F-81ACE509BFAA}.Debug|Any CPU.Build.0 = Debug|Any CPU
		{A3684DEC-7EA0-4046-AF3F-81ACE509BFAA}.Release|Any CPU.ActiveCfg = Release|Any CPU
		{A3684DEC-7EA0-4046-AF3F-81ACE509BFAA}.Release|Any CPU.Build.0 = Release|Any CPU
		{BDE6F2D1-B4AE-4F3F-9150-84DD72234F46}.Debug|Any CPU.ActiveCfg = Debug|Any CPU
		{BDE6F2D1-B4AE-4F3F-9150-84DD72234F46}.Debug|Any CPU.Build.0 = Debug|Any CPU
		{BDE6F2D1-B4AE-4F3F-9150-84DD72234F46}.Release|Any CPU.ActiveCfg = Release|Any CPU
		{BDE6F2D1-B4AE-4F3F-9150-84DD72234F46}.Release|Any CPU.Build.0 = Release|Any CPU
		{F5698E26-EDD8-4250-8DD9-2AC218A4F284}.Debug|Any CPU.ActiveCfg = Debug|Any CPU
		{F5698E26-EDD8-4250-8DD9-2AC218A4F284}.Debug|Any CPU.Build.0 = Debug|Any CPU
		{F5698E26-EDD8-4250-8DD9-2AC218A4F284}.Release|Any CPU.ActiveCfg = Release|Any CPU
		{F5698E26-EDD8-4250-8DD9-2AC218A4F284}.Release|Any CPU.Build.0 = Release|Any CPU
		{CDD43426-B5A0-4A4D-9AD3-F337EF269806}.Debug|Any CPU.ActiveCfg = Debug|Any CPU
		{CDD43426-B5A0-4A4D-9AD3-F337EF269806}.Debug|Any CPU.Build.0 = Debug|Any CPU
		{CDD43426-B5A0-4A4D-9AD3-F337EF269806}.Release|Any CPU.ActiveCfg = Release|Any CPU
		{CDD43426-B5A0-4A4D-9AD3-F337EF269806}.Release|Any CPU.Build.0 = Release|Any CPU
		{88E46A70-6A31-444E-8207-E7269CE56191}.Debug|Any CPU.ActiveCfg = Debug|Any CPU
		{88E46A70-6A31-444E-8207-E7269CE56191}.Debug|Any CPU.Build.0 = Debug|Any CPU
		{88E46A70-6A31-444E-8207-E7269CE56191}.Release|Any CPU.ActiveCfg = Release|Any CPU
		{88E46A70-6A31-444E-8207-E7269CE56191}.Release|Any CPU.Build.0 = Release|Any CPU
	EndGlobalSection
	GlobalSection(SolutionProperties) = preSolution
		HideSolutionNode = FALSE
	EndGlobalSection
EndGlobal
